
Microsoft Visual Studio Solution File, Format Version 12.00
# Visual Studio Version 17
VisualStudioVersion = 17.1.32228.430
MinimumVisualStudioVersion = 10.0.40219.1
Project("{9A19103F-16F7-4668-BE54-9A1E7A4F7556}") = "LCFila.Web", "LCFila.Web\LCFila.Web.csproj", "{406B5B2F-A5F3-4809-BD26-69671708B80C}"
EndProject
Project("{9A19103F-16F7-4668-BE54-9A1E7A4F7556}") = "LCFila.Application", "LCFila.Application\LCFila.Application.csproj", "{97FA652A-9638-4412-BEA2-7C3CF7FAA215}"
EndProject
Project("{FAE04EC0-301F-11D3-BF4B-00C04F79EFBC}") = "LCFila.Domain", "LCFila.Domain\LCFila.Domain.csproj", "{0B4AB5A2-1E35-4A6B-9E11-595D1552058D}"
EndProject
Project("{FAE04EC0-301F-11D3-BF4B-00C04F79EFBC}") = "LCFila.Infra", "LCFila.Infra\LCFila.Infra.csproj", "{9B5CE2EC-7F6F-4CEB-8106-D5D08983FF87}"
EndProject
Global
	GlobalSection(SolutionConfigurationPlatforms) = preSolution
		Debug|Any CPU = Debug|Any CPU
		Release|Any CPU = Release|Any CPU
	EndGlobalSection
	GlobalSection(ProjectConfigurationPlatforms) = postSolution
		{406B5B2F-A5F3-4809-BD26-69671708B80C}.Debug|Any CPU.ActiveCfg = Debug|Any CPU
		{406B5B2F-A5F3-4809-BD26-69671708B80C}.Debug|Any CPU.Build.0 = Debug|Any CPU
		{406B5B2F-A5F3-4809-BD26-69671708B80C}.Release|Any CPU.ActiveCfg = Release|Any CPU
		{406B5B2F-A5F3-4809-BD26-69671708B80C}.Release|Any CPU.Build.0 = Release|Any CPU
		{97FA652A-9638-4412-BEA2-7C3CF7FAA215}.Debug|Any CPU.ActiveCfg = Debug|Any CPU
		{97FA652A-9638-4412-BEA2-7C3CF7FAA215}.Debug|Any CPU.Build.0 = Debug|Any CPU
		{97FA652A-9638-4412-BEA2-7C3CF7FAA215}.Release|Any CPU.ActiveCfg = Release|Any CPU
		{97FA652A-9638-4412-BEA2-7C3CF7FAA215}.Release|Any CPU.Build.0 = Release|Any CPU
		{0B4AB5A2-1E35-4A6B-9E11-595D1552058D}.Debug|Any CPU.ActiveCfg = Debug|Any CPU
		{0B4AB5A2-1E35-4A6B-9E11-595D1552058D}.Debug|Any CPU.Build.0 = Debug|Any CPU
		{0B4AB5A2-1E35-4A6B-9E11-595D1552058D}.Release|Any CPU.ActiveCfg = Release|Any CPU
		{0B4AB5A2-1E35-4A6B-9E11-595D1552058D}.Release|Any CPU.Build.0 = Release|Any CPU
		{9B5CE2EC-7F6F-4CEB-8106-D5D08983FF87}.Debug|Any CPU.ActiveCfg = Debug|Any CPU
		{9B5CE2EC-7F6F-4CEB-8106-D5D08983FF87}.Debug|Any CPU.Build.0 = Debug|Any CPU
		{9B5CE2EC-7F6F-4CEB-8106-D5D08983FF87}.Release|Any CPU.ActiveCfg = Release|Any CPU
		{9B5CE2EC-7F6F-4CEB-8106-D5D08983FF87}.Release|Any CPU.Build.0 = Release|Any CPU
	EndGlobalSection
	GlobalSection(SolutionProperties) = preSolution
		HideSolutionNode = FALSE
	EndGlobalSection
	GlobalSection(ExtensibilityGlobals) = postSolution
		SolutionGuid = {369C95EF-2089-4F73-A01B-AA529191EF4D}
	EndGlobalSection
EndGlobal
